version = 1
revision = 3
requires-python = ">=3.12"

[[package]]
name = "click"
version = "8.5.0"
source = { registry = "https://pypi.org/simple" }
sdist = { url = "https://files.pythonhosted.org/packages/c7/0e/7fa0ef50764b67090eca4114772a2abf8b6148198475e54c660b97caeee6/click-8.5.0.tar.gz", hash = "sha256:ba0d2089de75ea0310e2dde03160e6ca10009947fb95a182f9b54021bb272e34", size = 382235, upload-time = "2026-08-26T13:33:14.56Z" }
wheels = [
    { url = "https://files.pythonhosted.org/packages/58/50/6c0d534c5f134586a8e1ba4e330569e32f057e33372ae556463212fb4cd3/click-8.5.0-py3-none-any.whl", hash = "sha256:255bc9599cf7748b4b1a446ccc735421bd08a2ae529a8b88597d3de5664ee360", size = 125251, upload-time = "2026-08-26T13:33:12.928Z" },
]

[[package]]
name = "greenlet"
version = "3.5.6"
source = { registry = "https://pypi.org/simple" }
sdist = { url = "https://files.pythonhosted.org/packages/3e/6e/0091f175ccd02b02bc8811bbcbcc6ac2e980be116e3b2f7a736ca322bf84/greenlet-3.5.6.tar.gz", hash = "sha256:8e67c43bdfc88d5fee6db0d3e40175b362fc95fb85f0412d233b9b203c53a575", size = 207653, upload-time = "2026-09-14T15:42:51.806Z" }
wheels = [
    { url = "https://files.pythonhosted.org/packages/72/18/3fc6d951466ae9a2a688edcddde3b2e388da0a8244e0caf7117bbeb0eb95/greenlet-3.5.6-cp312-cp312-macosx_11_0_universal2.whl", hash = "sha256:a5876d0a60355af98d535c47f6cd6eb0f8a432396dab26845d380b92f8412422", size = 295668, upload-time = "2026-09-14T14:22:33.241Z" },
    { url = "https://files.pythonhosted.org/packages/27/89/366d2af5061eeefa5012f510d95a99c8620dcc457609838db4d538820318/greenlet-3.5.6-cp312-cp312-manylinux_2_24_aarch64.manylinux_2_28_aarch64.whl", hash = "sha256:e85880b538e59a59f55117b81f208a6660ad5ac328aad9305f812d9b8bc67a0f", size = 611700, upload-time = "2026-09-14T15:12:01.962Z" },
    { url = "https://files.pythonhosted.org/packages/54/1c/07f133f865fd58ae593dd2bbec3144acaee9b04ffe2eb48c6e121747ceef/greenlet-3.5.6-cp312-cp312-manylinux_2_24_ppc64le.manylinux_2_28_ppc64le.whl", hash = "sha256:f0ba7c2a329d650628f4c8572fd1db29f0a59dd70a3e3e0710dcf18a35cce9d8", size = 624223, upload-time = "2026-09-14T15:20:42.459Z" },
    { url = "https://files.pythonhosted.org/packages/66/6a/1594f3869c57c149abdb380492529e04d4c0229b5e4d79572c5bd0aaa673/greenlet-3.5.6-cp312-cp312-manylinux_2_24_x86_64.manylinux_2_28_x86_64.whl", hash = "sha256:975736b002ed080d124cf81a79cb7e05cb26d6b3f5c7a7b651c0fcce70353aa1", size = 621404, upload-time = "2026-09-14T14:35:59.027Z" },
    { url = "https://files.pythonhosted.org/packages/a2/f5/33e5c9e48178b9259fd000f8f45caa4a65036f65d3d0c06a602f570f025d/greenlet-3.5.6-cp312-cp312-musllinux_1_2_aarch64.whl", hash = "sha256:0616b8f878098c5681fd8f0dc92d887551717402342a70f0abcbfea5f5ad8a44", size = 1584998, upload-time = "2026-09-14T15:10:06.653Z" },
    { url = "https://files.pythonhosted.org/packages/ef/31/9b4e140bc24d0ad7927ebd651f5608b0acc2334d061748c3b6ad19085cfa/greenlet-3.5.6-cp312-cp312-musllinux_1_2_x86_64.whl", hash = "sha256:3dbb4596a6a4e5d47121a33ff20533a81e60f302d9e67b69909a8bc21a43f0a7", size = 1647568, upload-time = "2026-09-14T14:35:49.787Z" },
    { url = "https://files.pythonhosted.org/packages/c3/71/d79f1791f824f8ff15c2978746640467ae932a2365e0201069f7f272395f/greenlet-3.5.6-cp312-cp312-win_amd64.whl", hash = "sha256:7ac4abb3877c43af320392c664774eef6fa2cc063c79a55fc02d844a3cbe7395", size = 324203, upload-time = "2026-09-14T14:22:54.504Z" },
    { url = "https://files.pythonhosted.org/packages/63/af/42aca4d56e8cb321912203069d8d34734cb288222f10ad2ae102718cc577/greenlet-3.5.6-cp312-cp312-win_arm64.whl", hash = "sha256:301102a49120b095e72a7838792b41233975fc1c155daec6d98f81c00c9280e0", size = 308310, upload-time = "2026-09-14T14:24:03.008Z" },
    { url = "https://files.pythonhosted.org/packages/f1/a1/e720a38852366c589e1a46cf570b886507ad2cf591050c203365638baab0/greenlet-3.5.6-cp313-cp313-macosx_11_0_universal2.whl", hash = "sha256:f96f0e30b5a95c7631b12bfe214cbc90ec8fe8cfa36920596c10514a65743519", size = 294627, upload-time = "2026-09-14T14:24:40.102Z" },
    { url = "https://files.pythonhosted.org/packages/eb/c3/58187858df41354a11e6a55b421e7af9059798abdab3a384cc51b8567c38/greenlet-3.5.6-cp313-cp313-manylinux_2_24_aarch64.manylinux_2_28_aarch64.whl", hash = "sha256:c75116c9de79949de23006e2d9b35ee82874c594fcf5c0311b439acaa14b8441", size = 614356, upload-time = "2026-09-14T15:12:03.399Z" },
    { url = "https://files.pythonhosted.org/packages/ce/b9/3a7e67d5f05c9760b1ad411fa52264bd69cc08e22a2ebfb4018b90628ced/greenlet-3.5.6-cp313-cp313-manylinux_2_24_ppc64le.manylinux_2_28_ppc64le.whl", hash = "sha256:cad5782f93f7f738b62c6527b6f32a60694d924029f299a8b524758cfa53d815", size = 626756, upload-time = "2026-09-14T15:20:44.269Z" },
    { url = "https://files.pythonhosted.org/packages/85/cb/ab0c123c514ed4e94c0dc9ee2e86362633e6b998cfc05de7fc9ac2eb9690/greenlet-3.5.6-cp313-cp313-manylinux_2_24_x86_64.manylinux_2_28_x86_64.whl", hash = "sha256:f98e8215e172f567ce80eeaed9107fb4d32b6c44f26983d9b8334658136a205a", size = 623779, upload-time = "2026-09-14T14:36:01.104Z" },
    { url = "https://files.pythonhosted.org/packages/a5/26/fda8a5a06e7073333ccb038133c5893b9e0c4fe29d5992a17e83c241bc6e/greenlet-3.5.6-cp313-cp313-musllinux_1_2_aarch64.whl", hash = "sha256:df19e2d0b1620039af5102563fbd96e8938c7f5c3f5828528d641d9fc585525e", size = 1584930, upload-time = "2026-09-14T15:10:08.234Z" },
    { url = "https://files.pythonhosted.org/packages/2f/37/50f8813163148d6234e08b23dcad6a9e37f01d148c8ec976e4c44ea2d918/greenlet-3.5.6-cp313-cp313-musllinux_1_2_x86_64.whl", hash = "sha256:06c0e933290fba8ffe53ead4ae1b8044b0e9754b75cebf381aa2bc3e50d82fac", size = 1647590, upload-time = "2026-09-14T14:35:51.173Z" },
    { url = "https://files.pythonhosted.org/packages/86/da/b7669b09586365654083a62bd0724cf06cb74bd5085a15cdd161271f992f/greenlet-3.5.6-cp313-cp313-win_amd64.whl", hash = "sha256:5b602b4201b965a8354d74e232364a66ff243dd142e350d035f46169bb36e13d", size = 324086, upload-time = "2026-09-14T14:23:48.428Z" },
    { url = "https://files.pythonhosted.org/packages/e5/5d/c9663cfe84a2a9e0aa96f066f5b0594c227ea4c647511e087e2e11d4ac0a/greenlet-3.5.6-cp313-cp313-win_arm64.whl", hash = "sha256:876077e7ebb8c84ed068e2b23d4c62ebb010d60df84b9591af1be2f39010ffb2", size = 308211, upload-time = "2026-09-14T14:28:01.634Z" },
    { url = "https://files.pythonhosted.org/packages/66/c0/d254544ae2b8bdd311aef000fafc02828c2771b17d994b3075620ea7cc6e/greenlet-3.5.6-cp314-cp314-macosx_11_0_universal2.whl", hash = "sha256:8cddea1b8339451c2fb3388e138347b6126744f33b611bdb55b7357361cfef46", size = 295221, upload-time = "2026-09-14T14:25:11.583Z" },
    { url = "https://files.pythonhosted.org/packages/18/18/eb54be16b9cc3971e09ca5b73334e1b8c804a4630d9addaaf218a4fe300f/greenlet-3.5.6-cp314-cp314-manylinux_2_24_aarch64.manylinux_2_28_aarch64.whl", hash = "sha256:c59acfa8eb73a1e0d484392dc002bdf001fd4ce73394e0132df3d1ab6093d7cb", size = 660992, upload-time = "2026-09-14T15:12:04.876Z" },
    { url = "https://files.pythonhosted.org/packages/8f/b4/e193efe65671dcf294bc51fcc59efb52d154adf8612c4ea016da0d2c486c/greenlet-3.5.6-cp314-cp314-manylinux_2_24_ppc64le.manylinux_2_28_ppc64le.whl", hash = "sha256:a3b4a01c6da07ef9f80d4fe8933b994bc99747bcea3eab0330a9c34d3c12655b", size = 673428, upload-time = "2026-09-14T15:20:45.756Z" },
    { url = "https://files.pythonhosted.org/packages/45/ac/28fa7a9e50f2859466214c4ac584d776db52c1604ad4dd158960a5af2a1f/greenlet-3.5.6-cp314-cp314-manylinux_2_24_x86_64.manylinux_2_28_x86_64.whl", hash = "sha256:9a09d59bef1db94f384b5bcc2d523694d338f3df6b757aeeaf7baca5d0c0be88", size = 670773, upload-time = "2026-09-14T14:36:02.577Z" },
    { url = "https://files.pythonhosted.org/packages/c3/cd/fb7d6cdd86ff3427c1494854f0e35437eba05142be91f530f6da75e09e19/greenlet-3.5.6-cp314-cp314-musllinux_1_2_aarch64.whl", hash = "sha256:8b7c73d1cef3d9ae963e9ff03f6222df43efbb9054ffd2f1969c935b7fc84c02", size = 1631900, upload-time = "2026-09-14T15:10:09.745Z" },
    { url = "https://files.pythonhosted.org/packages/f6/40/143bdbb20a516628cb15074ae52ed17d850b450292609c7a6fccac6dbece/greenlet-3.5.6-cp314-cp314-musllinux_1_2_x86_64.whl", hash = "sha256:8b27df301f56e3b3d2298095c8f7d6b68f2521f6b1693e901fa039bdbae34424", size = 1693740, upload-time = "2026-09-14T14:35:52.959Z" },
    { url = "https://files.pythonhosted.org/packages/c9/9e/019642432e6ae283301df1361227d47610709d2dc69a38f95edef266d713/greenlet-3.5.6-cp314-cp314-win_amd64.whl", hash = "sha256:f8f0bd690e1a41294ac87905e8121c81a3761ec2583c768f13467428606c8c7a", size = 327473, upload-time = "2026-09-14T14:28:12.948Z" },
    { url = "https://files.pythonhosted.org/packages/e9/7f/8aafc7bf70c948786dba7221d0dc0838e5329bebc6d434ef2208b4f0e760/greenlet-3.5.6-cp314-cp314-win_arm64.whl", hash = "sha256:8cda13494d86a4f12429641117cb6ac4bbbc9c30a33f711f7d3a2e5fbe4b0b7e", size = 311095, upload-time = "2026-09-14T14:28:00.7Z" },
    { url = "https://files.pythonhosted.org/packages/14/7e/7a205688a5b3074933b18a906608d46d106e9a79d776bdab5a4abf4b4feb/greenlet-3.5.6-cp314-cp314t-macosx_11_0_universal2.whl", hash = "sha256:97c5a53e8c1754df58e73f047a99e287d4da1bdfe64b0072fb25c87000897951", size = 305352, upload-time = "2026-09-14T14:21:31.962Z" },
    { url = "https://files.pythonhosted.org/packages/78/cb/9c4a57a9d9dd0256e20b8f7f4f06554c2c92badebf0ab73ce344321b78b9/greenlet-3.5.6-cp314-cp314t-manylinux_2_24_aarch64.manylinux_2_28_aarch64.whl", hash = "sha256:fea4427d1ffdb3b523d7daa6712038428a4c16c450b9777bdd1221cfee0eab49", size = 672671, upload-time = "2026-09-14T15:12:06.347Z" },
    { url = "https://files.pythonhosted.org/packages/97/52/c6729681ebbd298f4decd28746815acc8a0b0a0fde21d2df33776fd4d042/greenlet-3.5.6-cp314-cp314t-manylinux_2_24_ppc64le.manylinux_2_28_ppc64le.whl", hash = "sha256:73a29b5ba642e35433166a03a3e02935e7238c4b3467fbd77523b99edea23e5b", size = 679489, upload-time = "2026-09-14T15:20:47.291Z" },
    { url = "https://files.pythonhosted.org/packages/58/c5/2b6c721ba8b8963da42d5a0f57f25b8aaeb1fe9bdd156875e57f3be648a2/greenlet-3.5.6-cp314-cp314t-manylinux_2_24_x86_64.manylinux_2_28_x86_64.whl", hash = "sha256:460e70b033aba8ed47e2ac9b5d0d2157b05a34fbfa30a241400aef4118902cdc", size = 676608, upload-time = "2026-09-14T14:36:03.959Z" },
    { url = "https://files.pythonhosted.org/packages/b2/04/0d018e0d05bcdde19a0fcb907834155f1fc853a9bedd3f3f5e6acadcae19/greenlet-3.5.6-cp314-cp314t-musllinux_1_2_aarch64.whl", hash = "sha256:ca80a49b53ed1d22f7282da7255f7bb2fd1935fd0f623d8613fda38745f18961", size = 1641479, upload-time = "2026-09-14T15:10:11.216Z" },
    { url = "https://files.pythonhosted.org/packages/59/bb/f02ef9073919158f6403fe3701d4ed4403d646720e7201dfc6e9d264bac3/greenlet-3.5.6-cp314-cp314t-musllinux_1_2_x86_64.whl", hash = "sha256:916f92f2a8db10508f739d0b5e00b83defe5d1115a997c54532a6d7cf8c95404", size = 1698758, upload-time = "2026-09-14T14:35:54.336Z" },
    { url = "https://files.pythonhosted.org/packages/08/a5/1f48fe647473a2dcccfd1839b2ff2c78eb57009be776b4da071e901c9bff/greenlet-3.5.6-cp314-cp314t-win_amd64.whl", hash = "sha256:886bcf1870af74c32bc310fd00a6b803445e17e51b7d5a107c7b35c0f362cc16", size = 331574, upload-time = "2026-09-14T14:27:18.451Z" },
    { url = "https://files.pythonhosted.org/packages/cd/72/3882855a75838faeb54a58aeef4fd77d20b2a86d4bad570c70d41b565dcf/greenlet-3.5.6-cp315-cp315-macosx_11_0_universal2.whl", hash = "sha256:3ac3494c381dab876cad7d0b22f3a722f3e0c8deb3a65b9e7f35ad7f58b8fcb3", size = 295926, upload-time = "2026-09-14T14:27:21.16Z" },
    { url = "https://files.pythonhosted.org/packages/10/1f/be4d957d8a9b90bcbe8db206548a42134d96222d43e5ed3fc4708fb6e24b/greenlet-3.5.6-cp315-cp315-manylinux_2_24_aarch64.manylinux_2_28_aarch64.whl", hash = "sha256:602024dae6d77e161f4b89491b62ca1d4f19949d79d47b2db057e476d21179d6", size = 666910, upload-time = "2026-09-14T15:12:07.901Z" },
    { url = "https://files.pythonhosted.org/packages/a1/af/60d62571a7d6de961e4ce7625d6c2faf359345659fc782d2cdf517c34577/greenlet-3.5.6-cp315-cp315-manylinux_2_24_ppc64le.manylinux_2_28_ppc64le.whl", hash = "sha256:f8e63209c3e1e828ee6a457529b4a6d8b05d050fe0ae03a7ae49e967c5d312e0", size = 677415, upload-time = "2026-09-14T15:20:48.817Z" },
    { url = "https://files.pythonhosted.org/packages/fb/16/ac9e547b611539aaed1870eb1d6ddc57abdd5924b3a99bb9b5f0b44176b8/greenlet-3.5.6-cp315-cp315-manylinux_2_24_x86_64.manylinux_2_28_x86_64.whl", hash = "sha256:ccadce0130fd813ec86ebfe969a6c58b42acc1d0fe55a47525375b740e07b605", size = 675927, upload-time = "2026-09-14T14:36:05.34Z" },
    { url = "https://files.pythonhosted.org/packages/c4/b1/b7ba08d6431121741f1d30be0d5d292e76873325179a63586cd9217b62f6/greenlet-3.5.6-cp315-cp315-musllinux_1_2_aarch64.whl", hash = "sha256:9297fb9c39b9a2c039dbcd306c410bd6906b95244dec3bba4318d36c718c164c", size = 1637236, upload-time = "2026-09-14T15:10:12.442Z" },
    { url = "https://files.pythonhosted.org/packages/af/c5/3b1cbc68f0c082022fc8717f7fe4b8b13b8d583c52352be37f4e9f55bcd2/greenlet-3.5.6-cp315-cp315-musllinux_1_2_x86_64.whl", hash = "sha256:b374e79ffa7511afc11773aef40a4ccea6191fba1c856ea2f9c56738dca69d7a", size = 1698526, upload-time = "2026-09-14T14:35:56.039Z" },
    { url = "https://files.pythonhosted.org/packages/de/56/12941ed2711400451c89d544e10f831800a2770f19dd55eac8f0f7f2003b/greenlet-3.5.6-cp315-cp315-win_amd64.whl", hash = "sha256:7969bffa322c097bd46ae595ada6a931cefda613f18ba64587e9cff4cb320756", size = 327739, upload-time = "2026-09-14T14:23:55.768Z" },
    { url = "https://files.pythonhosted.org/packages/c5/3b/576b9ed5ac929252e340cf60b4bcb6a8515350dc20797064b1922dc4ea75/greenlet-3.5.6-cp315-cp315-win_arm64.whl", hash = "sha256:8dba0129b93e7091dfefaf4cf7000172741bff7f47bf6326fcf17f32fbb54d6b", size = 311715, upload-time = "2026-09-14T14:28:25.154Z" },
    { url = "https://files.pythonhosted.org/packages/16/c2/86cfc5555a98e12b86966ddbd24fd39af32f71f2f785c6595b7feb2db156/greenlet-3.5.6-cp315-cp315t-macosx_11_0_universal2.whl", hash = "sha256:de3de000d459402cda015068fd135aa50c0bf6f2477a80d4da1e646f123b4e78", size = 306244, upload-time = "2026-09-14T14:27:57.565Z" },
    { url = "https://files.pythonhosted.org/packages/14/6d/83ffc9d05a75a80ab3a7595dbb1d9604e5d4fc2996d73a8ae2dbd1284900/greenlet-3.5.6-cp315-cp315t-manylinux_2_24_aarch64.manylinux_2_28_aarch64.whl", hash = "sha256:45663c01a4de48b9a64a2ee1509d92d1dfd3afb02b2ccfc9333029d11aef996a", size = 676578, upload-time = "2026-09-14T15:12:09.468Z" },
    { url = "https://files.pythonhosted.org/packages/5d/d6/c2cf684810e5caded075970aaadea654ecb58b8382b9aecf1d231b936894/greenlet-3.5.6-cp315-cp315t-manylinux_2_24_ppc64le.manylinux_2_28_ppc64le.whl", hash = "sha256:3deccbb57a481e3a408fe61cdfd5c13e0678fc0a30fdd09597917ca87b4be877", size = 684203, upload-time = "2026-09-14T15:20:50.261Z" },
    { url = "https://files.pythonhosted.org/packages/62/19/00e1bee5d2af890dc8f400b54d0b0f9b489965f92bc12b407ff72cc6f469/greenlet-3.5.6-cp315-cp315t-manylinux_2_24_x86_64.manylinux_2_28_x86_64.whl", hash = "sha256:311018b46472fb26ee85870847fb89eb64cc8aaddb617400789d87076f7cfeec", size = 681253, upload-time = "2026-09-14T14:36:06.742Z" },
    { url = "https://files.pythonhosted.org/packages/89/58/c9275fd0ca195d1d3402931bcce8cfcc74726ff76efb1883d229e6e1a3d7/greenlet-3.5.6-cp315-cp315t-musllinux_1_2_aarch64.whl", hash = "sha256:7f924a5a9d5890649566f2f6682e0d8ad8ca23028bacffbbac36dbd7fd680176", size = 1645988, upload-time = "2026-09-14T15:10:13.758Z" },
    { url = "https://files.pythonhosted.org/packages/e0/36/b35747582fa4f1a5453f8f3002405dbac788e450cec7674dc2d204b6ccb5/greenlet-3.5.6-cp315-cp315t-musllinux_1_2_x86_64.whl", hash = "sha256:de9923832f2d8c1a5ecd8d7260465a6ca5a86888a0d129e3bd5cf0406d2fc5bf", size = 1702383, upload-time = "2026-09-14T14:35:58.143Z" },
    { url = "https://files.pythonhosted.org/packages/ed/69/6ec22ac9351e474d2a134d0ff9400dc80362d1c20f0721088ffffdfc205b/greenlet-3.5.6-cp315-cp315t-win_amd64.whl", hash = "sha256:2ab5f42ac6c238eb71770715e6e909ad9a1a92b6c681ccb64cd5a0f07edb953f", size = 331845, upload-time = "2026-09-14T14:27:41.723Z" },
    { url = "https://files.pythonhosted.org/packages/30/cf/697c051fd534e223461fb8b523890e21a24eeca229cd50624cff6f02fabd/greenlet-3.5.6-cp315-cp315t-win_arm64.whl", hash = "sha256:f9fe868463ec7e1363733af77e38a5fda3e9b63940337048c945d69e0c80ff24", size = 315070, upload-time = "2026-09-14T14:22:21.476Z" },
]

[[package]]
name = "load-tables"
version = "0.1.0"
source = { virtual = "." }
dependencies = [
    { name = "click" },
    { name = "psycopg2-binary" },
    { name = "sqlalchemy" },
]

[package.metadata]
requires-dist = [
    { name = "click" },
    { name = "psycopg2-binary" },
    { name = "sqlalchemy" },
]

[[package]]
name = "psycopg2-binary"
version = "2.9.13"
source = { registry = "https://pypi.org/simple" }
sdist = { url = "https://files.pythonhosted.org/packages/ed/76/7b4383014be0fcc6c1c0e24292845a14e1672cf17fca62ca0a2bd5f4563d/psycopg2_binary-2.9.13.tar.gz", hash = "sha256:e324ecf60f952d21dd11413b8bbed0951bbd99579a06fd06f28bfc37737cd373", size = 378112, upload-time = "2026-09-10T00:06:12.199Z" }
wheels = [
    { url = "https://files.pythonhosted.org/packages/fb/d1/d0125c56b865e3bc9f318d84930b2df71a729229dbb0ce12de748a82a6d7/psycopg2_binary-2.9.13-cp312-cp312-macosx_10_13_x86_64.whl", hash = "sha256:2bf9f97a6df69a5d89d054b8cf5257a0916096c479800715fbfe7974dbcb3a26", size = 3725735, upload-time = "2026-09-09T23:54:51.182Z" },
    { url = "https://files.pythonhosted.org/packages/54/a5/b5a73d0910555e38ee12c49c1740855f8a1e9776e87d65f0c51e1bab762a/psycopg2_binary-2.9.13-cp312-cp312-macosx_11_0_arm64.whl", hash = "sha256:07b7bd9f410650c34c3532162cc329f112368d78a3fc8668cb1ea9df61bc11bf", size = 3818000, upload-time = "2026-09-09T23:54:53.229Z" },
    { url = "https://files.pythonhosted.org/packages/3d/43/3e4783f62ae3f4fc19a5acf8d1c394df54458f1336febe188f317556d2a7/psycopg2_binary-2.9.13-cp312-cp312-manylinux2014_ppc64le.manylinux_2_17_ppc64le.whl", hash = "sha256:0463c00f946517f3e69192a59e6601e023ff9de45ad0a875eda3d6b1bebeb7ce", size = 4585760, upload-time = "2026-09-09T23:54:55.313Z" },
    { url = "https://files.pythonhosted.org/packages/8d/c4/a9a67ae65ad3d567eb0fc9cdf9a5a2783b779aecdcdc8945f1807b13d99e/psycopg2_binary-2.9.13-cp312-cp312-manylinux2014_x86_64.manylinux_2_17_x86_64.whl", hash = "sha256:e3861eba31f8ea8663fd876166b032fd89179e42aa63764d6feb281f13f9eb60", size = 4282380, upload-time = "2026-09-09T23:54:57.362Z" },
    { url = "https://files.pythonhosted.org/packages/b3/db/9d459d3da12e0b841cf1596579455aaa27e9e593e3e9a5a4ded5a55a7c15/psycopg2_binary-2.9.13-cp312-cp312-manylinux_2_27_aarch64.manylinux_2_28_aarch64.whl", hash = "sha256:3dc3372b3731b3ef23407fe06b94f640ef87a2bda242fa386033d5589c87514a", size = 5902039, upload-time = "2026-09-09T23:55:01.955Z" },
    { url = "https://files.pythonhosted.org/packages/d6/53/21079c10a581c50b6817498eda7c3481c1b3cdb41482bd08ebfccd3664c4/psycopg2_binary-2.9.13-cp312-cp312-manylinux_2_38_riscv64.manylinux_2_39_riscv64.whl", hash = "sha256:0405dd4d97720e7ab177aa02e493f524907c4cb3c445ac173e2627948d3d0528", size = 4119840, upload-time = "2026-09-09T23:55:04.336Z" },
    { url = "https://files.pythonhosted.org/packages/c4/ce/71e8d9e1b4f3e78157b49a5abdff50d915e95f2812550f6c9b4f2e4d5e94/psycopg2_binary-2.9.13-cp312-cp312-musllinux_1_2_aarch64.whl", hash = "sha256:b6ae51708201f501a171b02419d0c30878a743c369c9054eb1289f0f8d5979e2", size = 3661077, upload-time = "2026-09-09T23:55:06.118Z" },
    { url = "https://files.pythonhosted.org/packages/d9/54/b17616472f09a0fae96f8852692948b7eaa7c971d7629696da0e5932d996/psycopg2_binary-2.9.13-cp312-cp312-musllinux_1_2_ppc64le.whl", hash = "sha256:81682c227cc1849c4a6adf7b85274229073bb4c9d6ad5697222c695dcea5a8a7", size = 3307202, upload-time = "2026-09-09T23:55:08.061Z" },
    { url = "https://files.pythonhosted.org/packages/77/c7/d9737e222a377dac67a0ce0a2c73e7231a57f5cf18bb35a65d5c8d45d5d2/psycopg2_binary-2.9.13-cp312-cp312-musllinux_1_2_riscv64.whl", hash = "sha256:13d955f6054a705a19554364fe9888d0a6e8b0746dc7ebc08a447c7b4fd4145c", size = 3052893, upload-time = "2026-09-09T23:55:10.209Z" },
    { url = "https://files.pythonhosted.org/packages/7d/3d/c406c9f698f518c264381192c2bdf8952ee84e469ffa9f82db1411f57385/psycopg2_binary-2.9.13-cp312-cp312-musllinux_1_2_x86_64.whl", hash = "sha256:7e2405196a8cfe6cd3e54172a54452dcf85c241eaf2e9dde7190d7469f7f5ef7", size = 3355210, upload-time = "2026-09-09T23:55:11.883Z" },
    { url = "https://files.pythonhosted.org/packages/27/64/6e3a96699770af2d0d49a2002f722c69b656fc27623ff89281cf2b109644/psycopg2_binary-2.9.13-cp312-cp312-win_amd64.whl", hash = "sha256:376ebf7d8aee4b7386b2bac31fdc27911e7e57cd0a88f1e038b8b149398ac008", size = 2767784, upload-time = "2026-09-09T23:55:13.823Z" },
    { url = "https://files.pythonhosted.org/packages/82/0a/795f2869788373cf7d08410341a444196e8ccebbac07a70a8f9a1f60e72f/psycopg2_binary-2.9.13-cp313-cp313-macosx_10_13_x86_64.whl", hash = "sha256:4d66bfd44a46eb88cff0287929a4193fb45166b6c1f84bb1b233cc17ece0813c", size = 3725723, upload-time = "2026-09-09T23:55:15.887Z" },
    { url = "https://files.pythonhosted.org/packages/b5/63/5a9633f4563a73beba69b20a846ddd14c1c6ac072f5e8aab0da97ffabc2a/psycopg2_binary-2.9.13-cp313-cp313-macosx_11_0_arm64.whl", hash = "sha256:f818161d2302b3b3e9c75d5a1d0a5c5679e92e45cfec6432b9d5432dde5ff1f1", size = 3817976, upload-time = "2026-09-09T23:55:18.025Z" },
    { url = "https://files.pythonhosted.org/packages/6c/e2/b2e3b3a4331dc8b58e328cda30f3d0cc43a94b7aaf0c8383efd53dd10e95/psycopg2_binary-2.9.13-cp313-cp313-manylinux2014_ppc64le.manylinux_2_17_ppc64le.whl", hash = "sha256:31db6cba66df5231dfd91d9f69188bec3fe6c8baae384e93a0ce792067ee2d98", size = 4585813, upload-time = "2026-09-09T23:55:20.112Z" },
    { url = "https://files.pythonhosted.org/packages/56/5c/87daea77c4132114d1a5da3a4928dd59446c3b3cc73d288cae08cf0b91a6/psycopg2_binary-2.9.13-cp313-cp313-manylinux2014_x86_64.manylinux_2_17_x86_64.whl", hash = "sha256:f04ada42bcd537adbaf8b7f3140237a204e452a88d0c1831cfce69f7d2e59f4e", size = 4282438, upload-time = "2026-09-09T23:55:22.329Z" },
    { url = "https://files.pythonhosted.org/packages/91/e5/56f9efdc9337acbd1a75798d97163183b63a1babc17602f7163009506c96/psycopg2_binary-2.9.13-cp313-cp313-manylinux_2_27_aarch64.manylinux_2_28_aarch64.whl", hash = "sha256:aa37089795bd9701576edc2eb5849ce77a439eda9dfdfa47857449332cfa5292", size = 5902064, upload-time = "2026-09-09T23:55:24.37Z" },
    { url = "https://files.pythonhosted.org/packages/e4/15/f7ed0b90b47b73a9087306b42267eccfd919f92c0fb057e46bd2fa2efa4d/psycopg2_binary-2.9.13-cp313-cp313-manylinux_2_38_riscv64.manylinux_2_39_riscv64.whl", hash = "sha256:41c2eb569ebd0e1b02d30d361a46932923b193fe1b5e641fb4d547c75e218955", size = 4119848, upload-time = "2026-09-09T23:55:26.433Z" },
    { url = "https://files.pythonhosted.org/packages/42/08/3091347b9fc5766e979aba6b0756ad14ce867a6bb245f3d69ac71fb768c6/psycopg2_binary-2.9.13-cp313-cp313-musllinux_1_2_aarch64.whl", hash = "sha256:3f699a5225094a5c61402984e2fc1eca20e940223e76767c88189efb0c313f69", size = 3661129, upload-time = "2026-09-09T23:55:28.449Z" },
    { url = "https://files.pythonhosted.org/packages/34/c4/4f9a84d55484c9794b364548eb6e1fe10a57f123afd19729e5a1cc8ad7fc/psycopg2_binary-2.9.13-cp313-cp313-musllinux_1_2_ppc64le.whl", hash = "sha256:5f04ae99c9fbb94c3197ec88599ed7db921f6adcddfe83687a74c7ead4037c22", size = 3307262, upload-time = "2026-09-09T23:55:30.384Z" },
    { url = "https://files.pythonhosted.org/packages/83/42/6eba8306a61dc890805ae475a9e71790a1c5461ccacbd4f0a1f3f57b40f0/psycopg2_binary-2.9.13-cp313-cp313-musllinux_1_2_riscv64.whl", hash = "sha256:81404c37e0344ebcf10aac127d33d35137e5dbab1daf9f3deee46188fd5879c2", size = 3052898, upload-time = "2026-09-09T23:55:32.961Z" },
    { url = "https://files.pythonhosted.org/packages/b3/5d/42a8935ab280e8dcd7c07a655c0c3d25d62e9e242be1961ac14630f1294a/psycopg2_binary-2.9.13-cp313-cp313-musllinux_1_2_x86_64.whl", hash = "sha256:feb7b1856f6ca805cc0e08739858f6cdfed8ce903390126af30343c62899a389", size = 3355265, upload-time = "2026-09-09T23:55:35.071Z" },
    { url = "https://files.pythonhosted.org/packages/87/c2/0e0ffb4caeb651631cbc6c8ead83e2a16457750b1d2eb7f5ef111c1f4d36/psycopg2_binary-2.9.13-cp313-cp313-win_amd64.whl", hash = "sha256:691da68ae5dd7c3ac77514357d35ece7b1ba8b5f3e6c92735198aa6159c355c8", size = 2767914, upload-time = "2026-09-09T23:55:37.14Z" },
    { url = "https://files.pythonhosted.org/packages/5f/32/897c074cb99fbdda7d34b0a2546097a59162bb3d04c0d546ae4ec82345e3/psycopg2_binary-2.9.13-cp314-cp314-macosx_10_15_x86_64.whl", hash = "sha256:2ca263643ae37998ae04d18e431df34d0d61f12b47640dab585f14b6dbe00798", size = 3725788, upload-time = "2026-09-09T23:55:39.04Z" },
    { url = "https://files.pythonhosted.org/packages/0f/f4/e3a789de34c9ac25d20b25c2be583da16394a2ba0926da1c863653831f41/psycopg2_binary-2.9.13-cp314-cp314-macosx_11_0_arm64.whl", hash = "sha256:4c0214c7da18a28d108aa7108c8a3cca8035c7911ec97ef9ec0827569c9a2720", size = 3818111, upload-time = "2026-09-09T23:55:40.979Z" },
    { url = "https://files.pythonhosted.org/packages/72/29/647724c43ac510dbc59b80e20e85d439deb94f5d5a024153c32330fa041d/psycopg2_binary-2.9.13-cp314-cp314-manylinux2014_ppc64le.manylinux_2_17_ppc64le.whl", hash = "sha256:5d89e064bb12b40cad696cf4975e6da86f8c60f14cd06cb6c1bc0a7f5d01761f", size = 4586235, upload-time = "2026-09-09T23:55:43.012Z" },
    { url = "https://files.pythonhosted.org/packages/91/ad/7f52f92cc65c23778daff7eec4ee2099236694a0a4723a5f180d0708b607/psycopg2_binary-2.9.13-cp314-cp314-manylinux2014_x86_64.manylinux_2_17_x86_64.whl", hash = "sha256:190c18b97d9ef72f2e88c451b6588af90d6bd7bf54cb94b963280dc86a2c7076", size = 4282424, upload-time = "2026-09-09T23:55:44.843Z" },
    { url = "https://files.pythonhosted.org/packages/3d/2a/1a472059b198942d99651656e2bc610575584478bfe68d297ecabbd4887f/psycopg2_binary-2.9.13-cp314-cp314-manylinux_2_27_aarch64.manylinux_2_28_aarch64.whl", hash = "sha256:c00ebe9a2f31151aade0db233dc1446513a95e92c39ce055ee097af0ae86be1c", size = 5902365, upload-time = "2026-09-09T23:55:46.619Z" },
    { url = "https://files.pythonhosted.org/packages/91/1a/171ea5dac7b3a0fa57b3cb59c2ad6d7b8bc60732368fecfd2ed1f1288392/psycopg2_binary-2.9.13-cp314-cp314-manylinux_2_38_riscv64.manylinux_2_39_riscv64.whl", hash = "sha256:5085f7ff7b1e890f279577cedeb8c628957869a340fa34a39f7f406500b3c916", size = 4119938, upload-time = "2026-09-09T23:55:49.381Z" },
    { url = "https://files.pythonhosted.org/packages/41/ce/3c6d4ad71853a59eee6a575fe36df4bb40752a9735a27bd62af66b454ed5/psycopg2_binary-2.9.13-cp314-cp314-musllinux_1_2_aarch64.whl", hash = "sha256:4e55357d1943673d491bbabb171c891704fc6a22441fea539e05a5c27a79ea3c", size = 3661557, upload-time = "2026-09-09T23:55:51.269Z" },
    { url = "https://files.pythonhosted.org/packages/10/a3/1819a01bf951eab2afb5ca2a3d11f50500bf536fecff088154372a8d1985/psycopg2_binary-2.9.13-cp314-cp314-musllinux_1_2_ppc64le.whl", hash = "sha256:3e60b06ec7f9dc3e5f1106d12706514b6d6b92c3dc438fcdf4e43e65cc660d1b", size = 3307770, upload-time = "2026-09-09T23:55:53.196Z" },
    { url = "https://files.pythonhosted.org/packages/4e/df/22f4aec952cd5b2dd02f438399583ed69f7d04b90e7c31659d9571bbe188/psycopg2_binary-2.9.13-cp314-cp314-musllinux_1_2_riscv64.whl", hash = "sha256:dde942b46ce20f6c4464cdf551f3293207f803f4e4354454eb1f5599c3eb1fa1", size = 3052935, upload-time = "2026-09-09T23:55:55.117Z" },
    { url = "https://files.pythonhosted.org/packages/95/42/aab651bc22bafa961806ca3b21027bb0739a2730b0e6f7f0778baeb95e67/psycopg2_binary-2.9.13-cp314-cp314-musllinux_1_2_x86_64.whl", hash = "sha256:215777c62ce81c3b487cefdb6a41969944eb982309f91349ff3ca0323d6f17ed", size = 3355387, upload-time = "2026-09-09T23:55:57.366Z" },
    { url = "https://files.pythonhosted.org/packages/bc/af/3b8220633eaf955e95ea7be67d76e81a0d1cd3c76362ea504b91ffa079db/psycopg2_binary-2.9.13-cp314-cp314-win_amd64.whl", hash = "sha256:f3088eb80f58ed933c62d87128741d31e786edc862e23266d3c286763d646de0", size = 2863890, upload-time = "2026-09-09T23:55:59.056Z" },
    { url = "https://files.pythonhosted.org/packages/6e/f1/377d17fc8425220d17552691cd2b97aa232da92173f5dead71278b83f8ab/psycopg2_binary-2.9.13-cp315-cp315-macosx_10_15_x86_64.whl", hash = "sha256:38397def2d794ffde9db80f63d6820253e61b17483112652a318355f51a56f50", size = 3725913, upload-time = "2026-09-09T23:56:00.736Z" },
    { url = "https://files.pythonhosted.org/packages/67/64/27208e67cd6e663f69bf7bf905cf69db066a015c90ac9ca948a56a8e9d78/psycopg2_binary-2.9.13-cp315-cp315-macosx_11_0_arm64.whl", hash = "sha256:dff5c70ed9789ccb0d97ff4a7da51dc523a255c4ec95df188fa5d44adcae4ea8", size = 3818303, upload-time = "2026-09-09T23:56:02.551Z" },
    { url = "https://files.pythonhosted.org/packages/6b/98/67d2f34a1d18367b5f655bdd101759f8474286c74ffe701b7d6e3abd7fda/psycopg2_binary-2.9.13-cp315-cp315-manylinux2014_ppc64le.manylinux_2_17_ppc64le.whl", hash = "sha256:08d3b81a6a91775c937abf97d4c58fc9142e8e35fb91c387d24f81d15c98e6cf", size = 4586508, upload-time = "2026-09-09T23:56:04.706Z" },
    { url = "https://files.pythonhosted.org/packages/bb/47/46c227deaf322dceafa0b7b321b4e5de9cc797014b7a353349b2e09b1118/psycopg2_binary-2.9.13-cp315-cp315-manylinux2014_x86_64.manylinux_2_17_x86_64.whl", hash = "sha256:541a487a9ccd72b5e38f37f27b0ce78cb7eb3e336e7b5277d45463010c03a7a8", size = 4282383, upload-time = "2026-09-09T23:56:06.678Z" },
    { url = "https://files.pythonhosted.org/packages/f4/3c/e8705ffa381160d842eaf06a8446e8416f1a2497dd70a7e62277f3be6e7a/psycopg2_binary-2.9.13-cp315-cp315-manylinux_2_27_aarch64.manylinux_2_28_aarch64.whl", hash = "sha256:562fe2a43b30e781848dce63d9080c15414c777c96df348c4342558338cc7bf3", size = 5902765, upload-time = "2026-09-09T23:56:08.634Z" },
    { url = "https://files.pythonhosted.org/packages/53/cc/359821c18317228b8032456a3740c98045b719ed003a594b9ebac9330b86/psycopg2_binary-2.9.13-cp315-cp315-manylinux_2_38_riscv64.manylinux_2_39_riscv64.whl", hash = "sha256:dddfe650e7dda464d676c27fbedb5061f1ad05e1604627f54c770d7f799d36e9", size = 4122849, upload-time = "2026-09-09T23:56:10.671Z" },
    { url = "https://files.pythonhosted.org/packages/17/e5/4d935acb6d3258c7a767b3d527e54c0b537649101b55002a5dbcfe747e2a/psycopg2_binary-2.9.13-cp315-cp315-musllinux_1_2_aarch64.whl", hash = "sha256:4ff0f575cbb14f30445858dcfdd751e043486f5290915df78a9818bc74042eff", size = 3662084, upload-time = "2026-09-09T23:56:12.316Z" },
    { url = "https://files.pythonhosted.org/packages/89/56/9e9bbc7c773c5de7bb25dd35d7f041c2a6f0fcfa9207a1ceaf01a1bc687c/psycopg2_binary-2.9.13-cp315-cp315-musllinux_1_2_ppc64le.whl", hash = "sha256:d79530b4c1af657d5620a1d21b8e39f2996aa06821d5564d05b22d6b8cd413d0", size = 3308077, upload-time = "2026-09-09T23:56:15.262Z" },
    { url = "https://files.pythonhosted.org/packages/36/fa/ed742cd4e5dbddcb44702f9c4a97f7f5b62d97e3d9d00907ecc8ac750ef4/psycopg2_binary-2.9.13-cp315-cp315-musllinux_1_2_riscv64.whl", hash = "sha256:6ede8595767e19d30a7e8a84a7d47bfde6176d45d194fed08dbb68d1584a780b", size = 3055143, upload-time = "2026-09-09T23:56:17.168Z" },
    { url = "https://files.pythonhosted.org/packages/d5/3a/5c2cb71a844ee236be2ce91b286d797e34a21489909357c7cfba0f5c0197/psycopg2_binary-2.9.13-cp315-cp315-musllinux_1_2_x86_64.whl", hash = "sha256:0ebcf3c4266a695df9d0ef51296155f60c86ac51cf82f0d0dd2e827255a891c5", size = 3355374, upload-time = "2026-09-09T23:56:18.793Z" },
    { url = "https://files.pythonhosted.org/packages/e8/30/3991c9fdcca90a5a1e55435292f4d74d176da2be15f3998f6858da3658cc/psycopg2_binary-2.9.13-cp315-cp315-win_amd64.whl", hash = "sha256:1752b9821f1377404d65ac43af03d59a1eccc57fb2c1eb8305f9a3fe8eb7a8ba", size = 2867246, upload-time = "2026-09-09T23:56:20.501Z" },
]

[[package]]
name = "sqlalchemy"
version = "2.0.54"
source = { registry = "https://pypi.org/simple" }
dependencies = [
    { name = "greenlet", marker = "platform_machine == 'AMD64' or platform_machine == 'WIN32' or platform_machine == 'aarch64' or platform_machine == 'amd64' or platform_machine == 'ppc64le' or platform_machine == 'win32' or platform_machine == 'x86_64'" },
    { name = "typing-extensions" },
]
sdist = { url = "https://files.pythonhosted.org/packages/29/9c/271aa905cf2964f841371a97f3e63ab692bf51b4423d0491e67bc7f64037/sqlalchemy-2.0.54.tar.gz", hash = "sha256:baa8521e8ee9f24e75dfc7aaabc08020e551ef0d48d7c3e3536f5cddf277586b", size = 9969559, upload-time = "2026-09-15T21:06:57.337Z" }
wheels = [
    { url = "https://files.pythonhosted.org/packages/c6/30/75504fd1d70458000e85a3e772333dd0fbf80254b0dc4d41c99922e4d112/sqlalchemy-2.0.54-cp312-cp312-macosx_11_0_arm64.whl", hash = "sha256:ffba7eb2d67c7505e82a0902aa854d8824b74c28a183820d6a8bd3cfd0f812c2", size = 2187596, upload-time = "2026-09-15T22:32:37.031Z" },
    { url = "https://files.pythonhosted.org/packages/a2/3d/5dfbb9528a391186a99986daecc5cbe003f34408dee91db8f5cdcf917040/sqlalchemy-2.0.54-cp312-cp312-manylinux2014_aarch64.manylinux_2_17_aarch64.manylinux_2_28_aarch64.whl", hash = "sha256:63cae7210fea9899e0bf35c1f1ae55d3ddd9c6d47cae8b6b43d945afa79dd65b", size = 3448745, upload-time = "2026-09-15T22:40:18.168Z" },
    { url = "https://files.pythonhosted.org/packages/d9/93/34fdc4a4faced77037a6b3ba1db1acd92e9bd12c21e229b327edd1d3e881/sqlalchemy-2.0.54-cp312-cp312-manylinux2014_x86_64.manylinux_2_17_x86_64.manylinux_2_28_x86_64.whl", hash = "sha256:68d994e9b0d0423a02a20039631fa6fcbb7fa829a992f7605025774940305d19", size = 3466644, upload-time = "2026-09-15T22:35:37.7Z" },
    { url = "https://files.pythonhosted.org/packages/66/68/4beab40ae60ac3d679dbbb46bc0d2bb277013264a0bde37ecaf4b6780e98/sqlalchemy-2.0.54-cp312-cp312-musllinux_1_2_aarch64.whl", hash = "sha256:3de32cc6721eb42c3aad35bcfb244bb7a18f66c00f3582aae6281d6287a339b5", size = 3401519, upload-time = "2026-09-15T22:40:19.907Z" },
    { url = "https://files.pythonhosted.org/packages/e5/df/a24757e3249b1c7c1c5f0317666d16a8ab901ba239819ecef29eb4ed172e/sqlalchemy-2.0.54-cp312-cp312-musllinux_1_2_x86_64.whl", hash = "sha256:d31a2bc06a854ee52dd86b455be4df7c750b28817e2d1b884e31fff126c4fd7b", size = 3432590, upload-time = "2026-09-15T22:35:39.434Z" },
    { url = "https://files.pythonhosted.org/packages/d9/0c/69559e3d90d200fbfe9c44aff39a9ff4e506b1a3e9557a203d69df721244/sqlalchemy-2.0.54-cp312-cp312-win32.whl", hash = "sha256:32de6deded25e8b9b11d07428d496ff24dfbc882b8e990c177266948cb5f3d9e", size = 2140825, upload-time = "2026-09-15T21:25:22.444Z" },
    { url = "https://files.pythonhosted.org/packages/d9/10/4a0f7113664c2877906db143709c52ddbd28a88e4d51f0b520bc30048ba7/sqlalchemy-2.0.54-cp312-cp312-win_amd64.whl", hash = "sha256:d65f8ca742ef1e1e14bc417ef59dc2ddf207a7b66b30cfdc6152447314e030cf", size = 2170005, upload-time = "2026-09-15T21:25:23.885Z" },
    { url = "https://files.pythonhosted.org/packages/aa/1c/021ccd7a838425f52e67c02edc541e8d53be8a27a103e684e14b18aac17b/sqlalchemy-2.0.54-cp313-cp313-macosx_11_0_arm64.whl", hash = "sha256:b374e3bc91e246a942592a98ba6a23be76fff21358b00546ac8c0ebc0fd0e00b", size = 2184259, upload-time = "2026-09-15T22:28:59.153Z" },
    { url = "https://files.pythonhosted.org/packages/74/8f/f95de908a4af7ac3a6925cdcb837a93274f608925a0fbc786df38811bccf/sqlalchemy-2.0.54-cp313-cp313-manylinux2014_aarch64.manylinux_2_17_aarch64.manylinux_2_28_aarch64.whl", hash = "sha256:31d5458672a6f72db2c087f4a5098b3c8503ea0254186ff29205d63afa9401a4", size = 3398792, upload-time = "2026-09-15T22:29:35.218Z" },
    { url = "https://files.pythonhosted.org/packages/84/26/bd327a1a6be223e438c98ac8faf299307d83797225a81f3b209607a9fd98/sqlalchemy-2.0.54-cp313-cp313-manylinux2014_x86_64.manylinux_2_17_x86_64.manylinux_2_28_x86_64.whl", hash = "sha256:cad78d04254967bdbcccbed5e631d88fe4868530946ab0929aa45e9032849518", size = 3417562, upload-time = "2026-09-15T22:40:32.637Z" },
    { url = "https://files.pythonhosted.org/packages/4b/b1/f13a8fe8e8e167d8e65484b91b827897b8a5ca1efd7ba6e87a5f63412fed/sqlalchemy-2.0.54-cp313-cp313-musllinux_1_2_aarch64.whl", hash = "sha256:48611087a75d26d798003645c688c7d3cfc26b89dbe4a2c568d6b378d330deae", size = 3349138, upload-time = "2026-09-15T22:29:36.729Z" },
    { url = "https://files.pythonhosted.org/packages/b1/b7/5fd58f03281a74c57f02f509433e1be58a79d9f5b0e14020e665e0dcb614/sqlalchemy-2.0.54-cp313-cp313-musllinux_1_2_x86_64.whl", hash = "sha256:d6adf80277372a89910a0f3ccfe960b846d279dc55b366dd5c5ec07f41c84758", size = 3382943, upload-time = "2026-09-15T22:40:34.587Z" },
    { url = "https://files.pythonhosted.org/packages/4b/73/e29fa88dfc809857a55e6523911d345d00cab4adf87032c21ade8874223c/sqlalchemy-2.0.54-cp313-cp313-win32.whl", hash = "sha256:264460333ed0b177cbb1956355d0ee4e0cab83fb415c934ce12a25db2e7be39c", size = 2138931, upload-time = "2026-09-15T22:42:51.801Z" },
    { url = "https://files.pythonhosted.org/packages/89/9d/885e7491836f3dad368c74f0d5b93551d37b0ec66c9e8753240ee988308f/sqlalchemy-2.0.54-cp313-cp313-win_amd64.whl", hash = "sha256:cf89e92bf0d4204a6afcc17af27b9271ed9c7e34e17d6f80c085d431ea4a1747", size = 2166496, upload-time = "2026-09-15T22:42:53.603Z" },
    { url = "https://files.pythonhosted.org/packages/ab/c0/4a6503c9d22d6d00a5631082ab1484222ecf7d573db791e0f53161bf7745/sqlalchemy-2.0.54-cp314-cp314-macosx_11_0_arm64.whl", hash = "sha256:abd6b21bc58e91c1932eb5d6d7f1bd44a551dfec7b6a7f517c3638ccd67233a0", size = 2185899, upload-time = "2026-09-15T22:29:00.581Z" },
    { url = "https://files.pythonhosted.org/packages/12/28/f4424f618bd1f373761a32a821d53ce2c257350e9894bae9b968cb03d8fd/sqlalchemy-2.0.54-cp314-cp314-manylinux2014_aarch64.manylinux_2_17_aarch64.manylinux_2_28_aarch64.whl", hash = "sha256:5417322b3c025dd82918725d3bf09ec105fac95efc195722b8b06e1d9c381139", size = 3394763, upload-time = "2026-09-15T22:29:38.131Z" },
    { url = "https://files.pythonhosted.org/packages/59/d2/7f0c77f8e042cb5f28275fea29c3080b4ac6fd4b3fdd7f59ff1ef3e28c11/sqlalchemy-2.0.54-cp314-cp314-manylinux2014_x86_64.manylinux_2_17_x86_64.manylinux_2_28_x86_64.whl", hash = "sha256:6f84099e4b04a5c2d44500a2a8302eee5af4bc6fee63e8c6e9cf6786e747280e", size = 3402800, upload-time = "2026-09-15T22:40:36.509Z" },
    { url = "https://files.pythonhosted.org/packages/af/32/3eaa930bcf71d17a72587081d2706a5fb97ab3f11a7e0fb838f581f7cff1/sqlalchemy-2.0.54-cp314-cp314-musllinux_1_2_aarch64.whl", hash = "sha256:a0956dc754d3884da7fe60097110ec7a8a105d26afa2f0844468f4b1598c6912", size = 3341469, upload-time = "2026-09-15T22:29:39.682Z" },
    { url = "https://files.pythonhosted.org/packages/eb/cc/cddb6cbd4408e5c55b3bf722be26b9d3b54d42509f901b7ecc15debd3d1f/sqlalchemy-2.0.54-cp314-cp314-musllinux_1_2_x86_64.whl", hash = "sha256:87ba8834318b0d8dc94fc6f405d071b5c08be32a6c3fd68107fd6952ee949615", size = 3373232, upload-time = "2026-09-15T22:40:39.181Z" },
    { url = "https://files.pythonhosted.org/packages/34/2f/9c2aa5efc642b7f3b985d13565cd1a5e78856e079ef3022796fea5180498/sqlalchemy-2.0.54-cp314-cp314-win32.whl", hash = "sha256:842540e4382472f23c79589995752648d14696a8200d0807ed8c5c59c92ade44", size = 2142018, upload-time = "2026-09-15T22:42:55.118Z" },
    { url = "https://files.pythonhosted.org/packages/e2/0b/3594f1f51769feb3022d686135dc5d8682a12345ed15ae61d0c0ca42cbee/sqlalchemy-2.0.54-cp314-cp314-win_amd64.whl", hash = "sha256:f4e8f955d13af83fb4e35c3472e5377ee22d3445eada1e5e48199588edb69835", size = 2169220, upload-time = "2026-09-15T22:42:56.727Z" },
    { url = "https://files.pythonhosted.org/packages/c3/a5/c211a9a7af83222509519407e16a4db760c6df3d03be69ebc5414d465321/sqlalchemy-2.0.54-cp314-cp314t-macosx_11_0_arm64.whl", hash = "sha256:ca05f4e7852cf48083b0cf157e4f9504b7068780422a50fa82f45353b8c5e14a", size = 2208458, upload-time = "2026-09-15T22:30:05.718Z" },
    { url = "https://files.pythonhosted.org/packages/cb/2e/490ad7b3731116cb48ba170f7722eaa99a89707193e54389ca84b7ad55af/sqlalchemy-2.0.54-cp314-cp314t-manylinux2014_aarch64.manylinux_2_17_aarch64.manylinux_2_28_aarch64.whl", hash = "sha256:18a8b6417cbb7b735cf91c2b59453c2a554cefa0a8d7bd15aa35740739410d77", size = 3660585, upload-time = "2026-09-15T22:36:06.649Z" },
    { url = "https://files.pythonhosted.org/packages/eb/25/15dfe6814847eeda773bd58ab6cf42a94b0176e5cf25a578fc1165777160/sqlalchemy-2.0.54-cp314-cp314t-manylinux2014_x86_64.manylinux_2_17_x86_64.manylinux_2_28_x86_64.whl", hash = "sha256:4e55a0b96a1577a1e108c91ccdeeb9cd92768f28ce206597311c3bf6d6423abd", size = 3624442, upload-time = "2026-09-15T22:36:38.377Z" },
    { url = "https://files.pythonhosted.org/packages/aa/19/724d0a6a2fb2a86ff2d6008e581c258f722d9b7d8e52adc7b79085febdd4/sqlalchemy-2.0.54-cp314-cp314t-musllinux_1_2_aarch64.whl", hash = "sha256:69cab115c40fd02c5a22c68e4ee630fa6ef9a1650f1de944419aab1f7096fc4f", size = 3562972, upload-time = "2026-09-15T22:36:08.581Z" },
    { url = "https://files.pythonhosted.org/packages/49/bb/9df1bd81c2f2d000cf5e7a1b1a9b331468a3aab939ad983355e701fa42b2/sqlalchemy-2.0.54-cp314-cp314t-musllinux_1_2_x86_64.whl", hash = "sha256:e08397c6c42f53b2488acde9108b8bfefd52d7afd1bf2f03d2ffcab7a204aceb", size = 3576479, upload-time = "2026-09-15T22:36:40.272Z" },
    { url = "https://files.pythonhosted.org/packages/df/c0/b5775465d3b89061d7c46057c31c56ff8fb6c509550b2b0c6570ffc248b3/sqlalchemy-2.0.54-cp314-cp314t-win32.whl", hash = "sha256:b9086b8ad48280ef6a7ba68262d5e44f7db1c4cb1973e8cdae8a9f467ae66f51", size = 2174794, upload-time = "2026-09-15T22:31:45.925Z" },
    { url = "https://files.pythonhosted.org/packages/77/f8/296c2e46b4ccd3f29b00b954ef2f195dde32f98e352ed21de1d292cedc0d/sqlalchemy-2.0.54-cp314-cp314t-win_amd64.whl", hash = "sha256:b67c1744e453af833667fc1b84de07adb4a64f3536ef52a8ec5ac2b941d43970", size = 2211942, upload-time = "2026-09-15T22:31:47.368Z" },
    { url = "https://files.pythonhosted.org/packages/24/a1/bd5e3e99bc9c8863b51ac5b9b03008a7f2da8c6b59695992f5c654e1265b/sqlalchemy-2.0.54-py3-none-any.whl", hash = "sha256:7e33a631ab1474f8fe6b910bd1a07b7b8009c4c78cdd3fb18001b03e3bc2e1d2", size = 1958015, upload-time = "2026-09-15T22:24:22.95Z" },
]

[[package]]
name = "typing-extensions"
version = "4.16.0"
source = { registry = "https://pypi.org/simple" }
sdist = { url = "https://files.pythonhosted.org/packages/f6/cc/6253133b5bb138fc3306cebfbda2c520f545d36b5be2c7255cc528bb45d6/typing_extensions-4.16.0.tar.gz", hash = "sha256:dc983d19a509c94dba722ee6abd33940f7c05a89e243c47e907eb4db6f1a43e5", size = 113555, upload-time = "2026-07-02T08:40:05.92Z" }
wheels = [
    { url = "https://files.pythonhosted.org/packages/49/d3/b8441a820a491ddfc024b0b0cf0393375b75ea13866d9c66727e54c2fc80/typing_extensions-4.16.0-py3-none-any.whl", hash = "sha256:481caa481374e813c1b176ada14e97f1f67a4539ce9cfeb3f350d78d6370c2e8", size = 45571, upload-time = "2026-07-02T08:40:04.659Z" },
]
